
Microsoft Visual Studio Solution File, Format Version 12.00
# Visual Studio 15
VisualStudioVersion = 15.0.28307.329
MinimumVisualStudioVersion = 10.0.40219.1
Project("{FAE04EC0-301F-11D3-BF4B-00C04F79EFBC}") = "UtilitiesCreator", "UtilitiesCreator\UtilitiesCreator.csproj", "{315F5A83-DCD4-4992-8CF4-DCAE09D8605C}"
EndProject
Global
	GlobalSection(SolutionConfigurationPlatforms) = preSolution
		Debug|Any CPU = Debug|Any CPU
		Release|Any CPU = Release|Any CPU
	EndGlobalSection
	GlobalSection(ProjectConfigurationPlatforms) = postSolution
		{315F5A83-DCD4-4992-8CF4-DCAE09D8605C}.Debug|Any CPU.ActiveCfg = Debug|Any CPU
		{315F5A83-DCD4-4992-8CF4-DCAE09D8605C}.Debug|Any CPU.Build.0 = Debug|Any CPU
		{315F5A83-DCD4-4992-8CF4-DCAE09D8605C}.Release|Any CPU.ActiveCfg = Release|Any CPU
		{315F5A83-DCD4-4992-8CF4-DCAE09D8605C}.Release|Any CPU.Build.0 = Release|Any CPU
	EndGlobalSection
	GlobalSection(SolutionProperties) = preSolution
		HideSolutionNode = FALSE
	EndGlobalSection
	GlobalSection(ExtensibilityGlobals) = postSolution
		SolutionGuid = {30A82535-8C03-477F-A6FF-5F6E60267BD5}
	EndGlobalSection
EndGlobal
